// !$*UTF8*$!
{
	archiveVersion = 1;
	classes = {
	};
	objectVersion = 77;
	objects = {

/* Begin PBXBuildFile section */
		F6464E732D3AE0D5007702A2 /* RxSwift in Frameworks */ = {isa = PBXBuildFile; productRef = F6464E722D3AE0D5007702A2 /* RxSwift */; };
/* End PBXBuildFile section */

/* Begin PBXContainerItemProxy section */
		F6464E3F2D3ADB9E007702A2 /* PBXContainerItemProxy */ = {
			isa = PBXContainerItemProxy;
			containerPortal = F6464E202D3ADB9B007702A2 /* Project object */;
			proxyType = 1;
			remoteGlobalIDString = F6464E272D3ADB9B007702A2;
			remoteInfo = "SA-CaseStudy-MVMM";
		};
		F6464E492D3ADB9E007702A2 /* PBXContainerItemProxy */ = {
			isa = PBXContainerItemProxy;
			containerPortal = F6464E202D3ADB9B007702A2 /* Project object */;
			proxyType = 1;
			remoteGlobalIDString = F6464E272D3ADB9B007702A2;
			remoteInfo = "SA-CaseStudy-MVMM";
		};
/* End PBXContainerItemProxy section */

/* Begin PBXFileReference section */
		F6464E282D3ADB9B007702A2 /* SA-CaseStudy-MVMM.app */ = {isa = PBXFileReference; explicitFileType = wrapper.application; includeInIndex = 0; path = "SA-CaseStudy-MVMM.app"; sourceTree = BUILT_PRODUCTS_DIR; };
		F6464E3E2D3ADB9E007702A2 /* SA-CaseStudy-MVMMTests.xctest */ = {isa = PBXFileReference; explicitFileType = wrapper.cfbundle; includeInIndex = 0; path = "SA-CaseStudy-MVMMTests.xctest"; sourceTree = BUILT_PRODUCTS_DIR; };
		F6464E482D3ADB9E007702A2 /* SA-CaseStudy-MVMMUITests.xctest */ = {isa = PBXFileReference; explicitFileType = wrapper.cfbundle; includeInIndex = 0; path = "SA-CaseStudy-MVMMUITests.xctest"; sourceTree = BUILT_PRODUCTS_DIR; };
/* End PBXFileReference section */

/* Begin PBXFileSystemSynchronizedBuildFileExceptionSet section */
		F6464E502D3ADB9E007702A2 /* Exceptions for "SA-CaseStudy-MVMM" folder in "SA-CaseStudy-MVMM" target */ = {
			isa = PBXFileSystemSynchronizedBuildFileExceptionSet;
			membershipExceptions = (
				App/Info.plist,
			);
			target = F6464E272D3ADB9B007702A2 /* SA-CaseStudy-MVMM */;
		};
/* End PBXFileSystemSynchronizedBuildFileExceptionSet section */

/* Begin PBXFileSystemSynchronizedRootGroup section */
		F6464E2A2D3ADB9B007702A2 /* SA-CaseStudy-MVMM */ = {
			isa = PBXFileSystemSynchronizedRootGroup;
			exceptions = (
				F6464E502D3ADB9E007702A2 /* Exceptions for "SA-CaseStudy-MVMM" folder in "SA-CaseStudy-MVMM" target */,
			);
			path = "SA-CaseStudy-MVMM";
			sourceTree = "<group>";
		};
		F6464E412D3ADB9E007702A2 /* SA-CaseStudy-MVMMTests */ = {
			isa = PBXFileSystemSynchronizedRootGroup;
			path = "SA-CaseStudy-MVMMTests";
			sourceTree = "<group>";
		};
		F6464E4B2D3ADB9E007702A2 /* SA-CaseStudy-MVMMUITests */ = {
			isa = PBXFileSystemSynchronizedRootGroup;
			path = "SA-CaseStudy-MVMMUITests";
			sourceTree = "<group>";
		};
/* End PBXFileSystemSynchronizedRootGroup section */

/* Begin PBXFrameworksBuildPhase section */
		F6464E252D3ADB9B007702A2 /* Frameworks */ = {
			isa = PBXFrameworksBuildPhase;
			buildActionMask = 2147483647;
			files = (
				F6464E732D3AE0D5007702A2 /* RxSwift in Frameworks */,
			);
			runOnlyForDeploymentPostprocessing = 0;
		};
		F6464E3B2D3ADB9E007702A2 /* Frameworks */ = {
			isa = PBXFrameworksBuildPhase;
			buildActionMask = 2147483647;
			files = (
			);
			runOnlyForDeploymentPostprocessing = 0;
		};
		F6464E452D3ADB9E007702A2 /* Frameworks */ = {
			isa = PBXFrameworksBuildPhase;
			buildActionMask = 2147483647;
			files = (
			);
			runOnlyForDeploymentPostprocessing = 0;
		};
/* End PBXFrameworksBuildPhase section */

/* Begin PBXGroup section */
		F6464E1F2D3ADB9B007702A2 = {
			isa = PBXGroup;
			children = (
				F6464E2A2D3ADB9B007702A2 /* SA-CaseStudy-MVMM */,
				F6464E412D3ADB9E007702A2 /* SA-CaseStudy-MVMMTests */,
				F6464E4B2D3ADB9E007702A2 /* SA-CaseStudy-MVMMUITests */,
				F6464E292D3ADB9B007702A2 /* Products */,
			);
			sourceTree = "<group>";
		};
		F6464E292D3ADB9B007702A2 /* Products */ = {
			isa = PBXGroup;
			children = (
				F6464E282D3ADB9B007702A2 /* SA-CaseStudy-MVMM.app */,
				F6464E3E2D3ADB9E007702A2 /* SA-CaseStudy-MVMMTests.xctest */,
				F6464E482D3ADB9E007702A2 /* SA-CaseStudy-MVMMUITests.xctest */,
			);
			name = Products;
			sourceTree = "<group>";
		};
/* End PBXGroup section */

/* Begin PBXNativeTarget section */
		F6464E272D3ADB9B007702A2 /* SA-CaseStudy-MVMM */ = {
			isa = PBXNativeTarget;
			buildConfigurationList = F6464E512D3ADB9E007702A2 /* Build configuration list for PBXNativeTarget "SA-CaseStudy-MVMM" */;
			buildPhases = (
				F6464E242D3ADB9B007702A2 /* Sources */,
				F6464E252D3ADB9B007702A2 /* Frameworks */,
				F6464E262D3ADB9B007702A2 /* Resources */,
			);
			buildRules = (
			);
			dependencies = (
			);
			fileSystemSynchronizedGroups = (
				F6464E2A2D3ADB9B007702A2 /* SA-CaseStudy-MVMM */,
			);
			name = "SA-CaseStudy-MVMM";
			packageProductDependencies = (
				F6464E722D3AE0D5007702A2 /* RxSwift */,
			);
			productName = "SA-CaseStudy-MVMM";
			productReference = F6464E282D3ADB9B007702A2 /* SA-CaseStudy-MVMM.app */;
			productType = "com.apple.product-type.application";
		};
		F6464E3D2D3ADB9E007702A2 /* SA-CaseStudy-MVMMTests */ = {
			isa = PBXNativeTarget;
			buildConfigurationList = F6464E562D3ADB9E007702A2 /* Build configuration list for PBXNativeTarget "SA-CaseStudy-MVMMTests" */;
			buildPhases = (
				F6464E3A2D3ADB9E007702A2 /* Sources */,
				F6464E3B2D3ADB9E007702A2 /* Frameworks */,
				F6464E3C2D3ADB9E007702A2 /* Resources */,
			);
			buildRules = (
			);
			dependencies = (
				F6464E402D3ADB9E007702A2 /* PBXTargetDependency */,
			);
			fileSystemSynchronizedGroups = (
				F6464E412D3ADB9E007702A2 /* SA-CaseStudy-MVMMTests */,
			);
			name = "SA-CaseStudy-MVMMTests";
			packageProductDependencies = (
			);
			productName = "SA-CaseStudy-MVMMTests";
			productReference = F6464E3E2D3ADB9E007702A2 /* SA-CaseStudy-MVMMTests.xctest */;
			productType = "com.apple.product-type.bundle.unit-test";
		};
		F6464E472D3ADB9E007702A2 /* SA-CaseStudy-MVMMUITests */ = {
			isa = PBXNativeTarget;
			buildConfigurationList = F6464E592D3ADB9E007702A2 /* Build configuration list for PBXNativeTarget "SA-CaseStudy-MVMMUITests" */;
			buildPhases = (
				F6464E442D3ADB9E007702A2 /* Sources */,
				F6464E452D3ADB9E007702A2 /* Frameworks */,
				F6464E462D3ADB9E007702A2 /* Resources */,
			);
			buildRules = (
			);
			dependencies = (
				F6464E4A2D3ADB9E007702A2 /* PBXTargetDependency */,
			);
			fileSystemSynchronizedGroups = (
				F6464E4B2D3ADB9E007702A2 /* SA-CaseStudy-MVMMUITests */,
			);
			name = "SA-CaseStudy-MVMMUITests";
			packageProductDependencies = (
			);
			productName = "SA-CaseStudy-MVMMUITests";
			productReference = F6464E482D3ADB9E007702A2 /* SA-CaseStudy-MVMMUITests.xctest */;
			productType = "com.apple.product-type.bundle.ui-testing";
		};
/* End PBXNativeTarget section */

/* Begin PBXProject section */
		F6464E202D3ADB9B007702A2 /* Project object */ = {
			isa = PBXProject;
			attributes = {
				BuildIndependentTargetsInParallel = 1;
				LastSwiftUpdateCheck = 1620;
				LastUpgradeCheck = 1620;
				TargetAttributes = {
					F6464E272D3ADB9B007702A2 = {
						CreatedOnToolsVersion = 16.2;
					};
					F6464E3D2D3ADB9E007702A2 = {
						CreatedOnToolsVersion = 16.2;
						TestTargetID = F6464E272D3ADB9B007702A2;
					};
					F6464E472D3ADB9E007702A2 = {
						CreatedOnToolsVersion = 16.2;
						TestTargetID = F6464E272D3ADB9B007702A2;
					};
				};
			};
			buildConfigurationList = F6464E232D3ADB9B007702A2 /* Build configuration list for PBXProject "SA-CaseStudy-MVMM" */;
			developmentRegion = en;
			hasScannedForEncodings = 0;
			knownRegions = (
				en,
				Base,
			);
			mainGroup = F6464E1F2D3ADB9B007702A2;
			minimizedProjectReferenceProxies = 1;
			packageReferences = (
				F6464E712D3AE0D5007702A2 /* XCRemoteSwiftPackageReference "RxSwift" */,
			);
			preferredProjectObjectVersion = 77;
			productRefGroup = F6464E292D3ADB9B007702A2 /* Products */;
			projectDirPath = "";
			projectRoot = "";
			targets = (
				F6464E272D3ADB9B007702A2 /* SA-CaseStudy-MVMM */,
				F6464E3D2D3ADB9E007702A2 /* SA-CaseStudy-MVMMTests */,
				F6464E472D3ADB9E007702A2 /* SA-CaseStudy-MVMMUITests */,
			);
		};
/* End PBXProject section */

/* Begin PBXResourcesBuildPhase section */
		F6464E262D3ADB9B007702A2 /* Resources */ = {
			isa = PBXResourcesBuildPhase;
			buildActionMask = 2147483647;
			files = (
			);
			runOnlyForDeploymentPostprocessing = 0;
		};
		F6464E3C2D3ADB9E007702A2 /* Resources */ = {
			isa = PBXResourcesBuildPhase;
			buildActionMask = 2147483647;
			files = (
			);
			runOnlyForDeploymentPostprocessing = 0;
		};
		F6464E462D3ADB9E007702A2 /* Resources */ = {
			isa = PBXResourcesBuildPhase;
			buildActionMask = 2147483647;
			files = (
			);
			runOnlyForDeploymentPostprocessing = 0;
		};
/* End PBXResourcesBuildPhase section */

/* Begin PBXSourcesBuildPhase section */
		F6464E242D3ADB9B007702A2 /* Sources */ = {
			isa = PBXSourcesBuildPhase;
			buildActionMask = 2147483647;
			files = (
			);
			runOnlyForDeploymentPostprocessing = 0;
		};
		F6464E3A2D3ADB9E007702A2 /* Sources */ = {
			isa = PBXSourcesBuildPhase;
			buildActionMask = 2147483647;
			files = (
			);
			runOnlyForDeploymentPostprocessing = 0;
		};
		F6464E442D3ADB9E007702A2 /* Sources */ = {
			isa = PBXSourcesBuildPhase;
			buildActionMask = 2147483647;
			files = (
			);
			runOnlyForDeploymentPostprocessing = 0;
		};
/* End PBXSourcesBuildPhase section */

/* Begin PBXTargetDependency section */
		F6464E402D3ADB9E007702A2 /* PBXTargetDependency */ = {
			isa = PBXTargetDependency;
			target = F6464E272D3ADB9B007702A2 /* SA-CaseStudy-MVMM */;
			targetProxy = F6464E3F2D3ADB9E007702A2 /* PBXContainerItemProxy */;
		};
		F6464E4A2D3ADB9E007702A2 /* PBXTargetDependency */ = {
			isa = PBXTargetDependency;
			target = F6464E272D3ADB9B007702A2 /* SA-CaseStudy-MVMM */;
			targetProxy = F6464E492D3ADB9E007702A2 /* PBXContainerItemProxy */;
		};
/* End PBXTargetDependency section */

/* Begin XCBuildConfiguration section */
		F6464E522D3ADB9E007702A2 /* Debug */ = {
			isa = XCBuildConfiguration;
			buildSettings = {
				ASSETCATALOG_COMPILER_APPICON_NAME = AppIcon;
				ASSETCATALOG_COMPILER_GLOBAL_ACCENT_COLOR_NAME = AccentColor;
				ASSETCATALOG_COMPILER_INCLUDE_ALL_APPICON_ASSETS = NO;
				CODE_SIGN_STYLE = Automatic;
				CURRENT_PROJECT_VERSION = 1;
				DEVELOPMENT_TEAM = FJ7F33948Q;
				GENERATE_INFOPLIST_FILE = YES;
				INFOPLIST_FILE = "SA-CaseStudy-MVMM/App/Info.plist";
				INFOPLIST_KEY_UIApplicationSupportsIndirectInputEvents = YES;
				INFOPLIST_KEY_UILaunchStoryboardName = LaunchScreen;
				INFOPLIST_KEY_UIMainStoryboardFile = Main;
				INFOPLIST_KEY_UISupportedInterfaceOrientations = UIInterfaceOrientationPortrait;
				INFOPLIST_KEY_UISupportedInterfaceOrientations_iPad = "UIInterfaceOrientationLandscapeLeft UIInterfaceOrientationLandscapeRight UIInterfaceOrientationPortrait UIInterfaceOrientationPortraitUpsideDown";
				IPHONEOS_DEPLOYMENT_TARGET = 16.6;
				LD_RUNPATH_SEARCH_PATHS = (
					"$(inherited)",
					"@executable_path/Frameworks",
				);
				MARKETING_VERSION = 1.0;
				PRODUCT_BUNDLE_IDENTIFIER = "com.turalbabayev.SA-CaseStudy-MVMM";
				PRODUCT_NAME = "$(TARGET_NAME)";
				SUPPORTED_PLATFORMS = "iphoneos iphonesimulator";
				SUPPORTS_MACCATALYST = NO;
				SUPPORTS_MAC_DESIGNED_FOR_IPHONE_IPAD = NO;
				SUPPORTS_XR_DESIGNED_FOR_IPHONE_IPAD = NO;
				SWIFT_EMIT_LOC_STRINGS = YES;
				SWIFT_VERSION = 5.0;
				TARGETED_DEVICE_FAMILY = 1;
			};
			name = Debug;
		};
		F6464E532D3ADB9E007702A2 /* Release */ = {
			isa = XCBuildConfiguration;
			buildSettings = {
				ASSETCATALOG_COMPILER_APPICON_NAME = AppIcon;
				ASSETCATALOG_COMPILER_GLOBAL_ACCENT_COLOR_NAME = AccentColor;
				ASSETCATALOG_COMPILER_INCLUDE_ALL_APPICON_ASSETS = NO;
				CODE_SIGN_STYLE = Automatic;
				CURRENT_PROJECT_VERSION = 1;
				DEVELOPMENT_TEAM = FJ7F33948Q;
				GENERATE_INFOPLIST_FILE = YES;
				INFOPLIST_FILE = "SA-CaseStudy-MVMM/App/Info.plist";
				INFOPLIST_KEY_UIApplicationSupportsIndirectInputEvents = YES;
				INFOPLIST_KEY_UILaunchStoryboardName = LaunchScreen;
				INFOPLIST_KEY_UIMainStoryboardFile = Main;
				INFOPLIST_KEY_UISupportedInterfaceOrientations = UIInterfaceOrientationPortrait;
				INFOPLIST_KEY_UISupportedInterfaceOrientations_iPad = "UIInterfaceOrientationLandscapeLeft UIInterfaceOrientationLandscapeRight UIInterfaceOrientationPortrait UIInterfaceOrientationPortraitUpsideDown";
				IPHONEOS_DEPLOYMENT_TARGET = 16.6;
				LD_RUNPATH_SEARCH_PATHS = (
					"$(inherited)",
					"@executable_path/Frameworks",
				);
				MARKETING_VERSION = 1.0;
				PRODUCT_BUNDLE_IDENTIFIER = "com.turalbabayev.SA-CaseStudy-MVMM";
				PRODUCT_NAME = "$(TARGET_NAME)";
				SUPPORTED_PLATFORMS = "iphoneos iphonesimulator";
				SUPPORTS_MACCATALYST = NO;
				SUPPORTS_MAC_DESIGNED_FOR_IPHONE_IPAD = NO;
				SUPPORTS_XR_DESIGNED_FOR_IPHONE_IPAD = NO;
				SWIFT_EMIT_LOC_STRINGS = YES;
				SWIFT_VERSION = 5.0;
				TARGETED_DEVICE_FAMILY = 1;
			};
			name = Release;
		};
		F6464E542D3ADB9E007702A2 /* Debug */ = {
			isa = XCBuildConfiguration;
			buildSettings = {
				ALWAYS_SEARCH_USER_PATHS = NO;
				ASSETCATALOG_COMPILER_GENERATE_SWIFT_ASSET_SYMBOL_EXTENSIONS = YES;
				CLANG_ANALYZER_NONNULL = YES;
				CLANG_ANALYZER_NUMBER_OBJECT_CONVERSION = YES_AGGRESSIVE;
				CLANG_CXX_LANGUAGE_STANDARD = "gnu++20";
				CLANG_ENABLE_MODULES = YES;
				CLANG_ENABLE_OBJC_ARC = YES;
				CLANG_ENABLE_OBJC_WEAK = YES;
				CLANG_WARN_BLOCK_CAPTURE_AUTORELEASING = YES;
				CLANG_WARN_BOOL_CONVERSION = YES;
				CLANG_WARN_COMMA = YES;
				CLANG_WARN_CONSTANT_CONVERSION = YES;
				CLANG_WARN_DEPRECATED_OBJC_IMPLEMENTATIONS = YES;
				CLANG_WARN_DIRECT_OBJC_ISA_USAGE = YES_ERROR;
				CLANG_WARN_DOCUMENTATION_COMMENTS = YES;
				CLANG_WARN_EMPTY_BODY = YES;
				CLANG_WARN_ENUM_CONVERSION = YES;
				CLANG_WARN_INFINITE_RECURSION = YES;
				CLANG_WARN_INT_CONVERSION = YES;
				CLANG_WARN_NON_LITERAL_NULL_CONVERSION = YES;
				CLANG_WARN_OBJC_IMPLICIT_RETAIN_SELF = YES;
				CLANG_WARN_OBJC_LITERAL_CONVERSION = YES;
				CLANG_WARN_OBJC_ROOT_CLASS = YES_ERROR;
				CLANG_WARN_QUOTED_INCLUDE_IN_FRAMEWORK_HEADER = YES;
				CLANG_WARN_RANGE_LOOP_ANALYSIS = YES;
				CLANG_WARN_STRICT_PROTOTYPES = YES;
				CLANG_WARN_SUSPICIOUS_MOVE = YES;
				CLANG_WARN_UNGUARDED_AVAILABILITY = YES_AGGRESSIVE;
				CLANG_WARN_UNREACHABLE_CODE = YES;
				CLANG_WARN__DUPLICATE_METHOD_MATCH = YES;
				COPY_PHASE_STRIP = NO;
				DEBUG_INFORMATION_FORMAT = dwarf;
				ENABLE_STRICT_OBJC_MSGSEND = YES;
				ENABLE_TESTABILITY = YES;
				ENABLE_USER_SCRIPT_SANDBOXING = YES;
				GCC_C_LANGUAGE_STANDARD = gnu17;
				GCC_DYNAMIC_NO_PIC = NO;
				GCC_NO_COMMON_BLOCKS = YES;
				GCC_OPTIMIZATION_LEVEL = 0;
				GCC_PREPROCESSOR_DEFINITIONS = (
					"DEBUG=1",
					"$(inherited)",
				);
				GCC_WARN_64_TO_32_BIT_CONVERSION = YES;
				GCC_WARN_ABOUT_RETURN_TYPE = YES_ERROR;
				GCC_WARN_UNDECLARED_SELECTOR = YES;
				GCC_WARN_UNINITIALIZED_AUTOS = YES_AGGRESSIVE;
				GCC_WARN_UNUSED_FUNCTION = YES;
				GCC_WARN_UNUSED_VARIABLE = YES;
				INFOPLIST_FILE = "SA-CaseStudy-MVMM/App/Info.plist";
				IPHONEOS_DEPLOYMENT_TARGET = 16.6;
				LOCALIZATION_PREFERS_STRING_CATALOGS = YES;
				MTL_ENABLE_DEBUG_INFO = INCLUDE_SOURCE;
				MTL_FAST_MATH = YES;
				ONLY_ACTIVE_ARCH = YES;
				SDKROOT = iphoneos;
				SWIFT_ACTIVE_COMPILATION_CONDITIONS = "DEBUG $(inherited)";
				SWIFT_OPTIMIZATION_LEVEL = "-Onone";
			};
			name = Debug;
		};
		F6464E552D3ADB9E007702A2 /* Release */ = {
			isa = XCBuildConfiguration;
			buildSettings = {
				ALWAYS_SEARCH_USER_PATHS = NO;
				ASSETCATALOG_COMPILER_GENERATE_SWIFT_ASSET_SYMBOL_EXTENSIONS = YES;
				CLANG_ANALYZER_NONNULL = YES;
				CLANG_ANALYZER_NUMBER_OBJECT_CONVERSION = YES_AGGRESSIVE;
				CLANG_CXX_LANGUAGE_STANDARD = "gnu++20";
				CLANG_ENABLE_MODULES = YES;
				CLANG_ENABLE_OBJC_ARC = YES;
				CLANG_ENABLE_OBJC_WEAK = YES;
				CLANG_WARN_BLOCK_CAPTURE_AUTORELEASING = YES;
				CLANG_WARN_BOOL_CONVERSION = YES;
				CLANG_WARN_COMMA = YES;
				CLANG_WARN_CONSTANT_CONVERSION = YES;
				CLANG_WARN_DEPRECATED_OBJC_IMPLEMENTATIONS = YES;
				CLANG_WARN_DIRECT_OBJC_ISA_USAGE = YES_ERROR;
				CLANG_WARN_DOCUMENTATION_COMMENTS = YES;
				CLANG_WARN_EMPTY_BODY = YES;
				CLANG_WARN_ENUM_CONVERSION = YES;
				CLANG_WARN_INFINITE_RECURSION = YES;
				CLANG_WARN_INT_CONVERSION = YES;
				CLANG_WARN_NON_LITERAL_NULL_CONVERSION = YES;
				CLANG_WARN_OBJC_IMPLICIT_RETAIN_SELF = YES;
				CLANG_WARN_OBJC_LITERAL_CONVERSION = YES;
				CLANG_WARN_OBJC_ROOT_CLASS = YES_ERROR;
				CLANG_WARN_QUOTED_INCLUDE_IN_FRAMEWORK_HEADER = YES;
				CLANG_WARN_RANGE_LOOP_ANALYSIS = YES;
				CLANG_WARN_STRICT_PROTOTYPES = YES;
				CLANG_WARN_SUSPICIOUS_MOVE = YES;
				CLANG_WARN_UNGUARDED_AVAILABILITY = YES_AGGRESSIVE;
				CLANG_WARN_UNREACHABLE_CODE = YES;
				CLANG_WARN__DUPLICATE_METHOD_MATCH = YES;
				COPY_PHASE_STRIP = NO;
				DEBUG_INFORMATION_FORMAT = "dwarf-with-dsym";
				ENABLE_NS_ASSERTIONS = NO;
				ENABLE_STRICT_OBJC_MSGSEND = YES;
				ENABLE_USER_SCRIPT_SANDBOXING = YES;
				GCC_C_LANGUAGE_STANDARD = gnu17;
				GCC_NO_COMMON_BLOCKS = YES;
				GCC_WARN_64_TO_32_BIT_CONVERSION = YES;
				GCC_WARN_ABOUT_RETURN_TYPE = YES_ERROR;
				GCC_WARN_UNDECLARED_SELECTOR = YES;
				GCC_WARN_UNINITIALIZED_AUTOS = YES_AGGRESSIVE;
				GCC_WARN_UNUSED_FUNCTION = YES;
				GCC_WARN_UNUSED_VARIABLE = YES;
				INFOPLIST_FILE = "SA-CaseStudy-MVMM/App/Info.plist";
				IPHONEOS_DEPLOYMENT_TARGET = 16.6;
				LOCALIZATION_PREFERS_STRING_CATALOGS = YES;
				MTL_ENABLE_DEBUG_INFO = NO;
				MTL_FAST_MATH = YES;
				SDKROOT = iphoneos;
				SWIFT_COMPILATION_MODE = wholemodule;
				VALIDATE_PRODUCT = YES;
			};
			name = Release;
		};
		F6464E572D3ADB9E007702A2 /* Debug */ = {
			isa = XCBuildConfiguration;
			buildSettings = {
				BUNDLE_LOADER = "$(TEST_HOST)";
				CODE_SIGN_STYLE = Automatic;
				CURRENT_PROJECT_VERSION = 1;
				DEVELOPMENT_TEAM = FJ7F33948Q;
				GENERATE_INFOPLIST_FILE = YES;
				INFOPLIST_FILE = "SA-CaseStudy-MVMM/App/Info.plist";
				IPHONEOS_DEPLOYMENT_TARGET = 18.2;
				MARKETING_VERSION = 1.0;
				PRODUCT_BUNDLE_IDENTIFIER = "com.turalbabayev.SA-CaseStudy-MVMMTests";
				PRODUCT_NAME = "$(TARGET_NAME)";
				SWIFT_EMIT_LOC_STRINGS = NO;
				SWIFT_VERSION = 5.0;
				TARGETED_DEVICE_FAMILY = "1,2";
				TEST_HOST = "$(BUILT_PRODUCTS_DIR)/SA-CaseStudy-MVMM.app/$(BUNDLE_EXECUTABLE_FOLDER_PATH)/SA-CaseStudy-MVMM";
			};
			name = Debug;
		};
		F6464E582D3ADB9E007702A2 /* Release */ = {
			isa = XCBuildConfiguration;
			buildSettings = {
				BUNDLE_LOADER = "$(TEST_HOST)";
				CODE_SIGN_STYLE = Automatic;
				CURRENT_PROJECT_VERSION = 1;
				DEVELOPMENT_TEAM = FJ7F33948Q;
				GENERATE_INFOPLIST_FILE = YES;
				INFOPLIST_FILE = "SA-CaseStudy-MVMM/App/Info.plist";
				IPHONEOS_DEPLOYMENT_TARGET = 18.2;
				MARKETING_VERSION = 1.0;
				PRODUCT_BUNDLE_IDENTIFIER = "com.turalbabayev.SA-CaseStudy-MVMMTests";
				PRODUCT_NAME = "$(TARGET_NAME)";
				SWIFT_EMIT_LOC_STRINGS = NO;
				SWIFT_VERSION = 5.0;
				TARGETED_DEVICE_FAMILY = "1,2";
				TEST_HOST = "$(BUILT_PRODUCTS_DIR)/SA-CaseStudy-MVMM.app/$(BUNDLE_EXECUTABLE_FOLDER_PATH)/SA-CaseStudy-MVMM";
			};
			name = Release;
		};
		F6464E5A2D3ADB9E007702A2 /* Debug */ = {
			isa = XCBuildConfiguration;
			buildSettings = {
				CODE_SIGN_STYLE = Automatic;
				CURRENT_PROJECT_VERSION = 1;
				DEVELOPMENT_TEAM = FJ7F33948Q;
				GENERATE_INFOPLIST_FILE = YES;
				INFOPLIST_FILE = "SA-CaseStudy-MVMM/App/Info.plist";
				MARKETING_VERSION = 1.0;
				PRODUCT_BUNDLE_IDENTIFIER = "com.turalbabayev.SA-CaseStudy-MVMMUITests";
				PRODUCT_NAME = "$(TARGET_NAME)";
				SWIFT_EMIT_LOC_STRINGS = NO;
				SWIFT_VERSION = 5.0;
				TARGETED_DEVICE_FAMILY = "1,2";
				TEST_TARGET_NAME = "SA-CaseStudy-MVMM";
			};
			name = Debug;
		};
		F6464E5B2D3ADB9E007702A2 /* Release */ = {
			isa = XCBuildConfiguration;
			buildSettings = {
				CODE_SIGN_STYLE = Automatic;
				CURRENT_PROJECT_VERSION = 1;
				DEVELOPMENT_TEAM = FJ7F33948Q;
				GENERATE_INFOPLIST_FILE = YES;
				INFOPLIST_FILE = "SA-CaseStudy-MVMM/App/Info.plist";
				MARKETING_VERSION = 1.0;
				PRODUCT_BUNDLE_IDENTIFIER = "com.turalbabayev.SA-CaseStudy-MVMMUITests";
				PRODUCT_NAME = "$(TARGET_NAME)";
				SWIFT_EMIT_LOC_STRINGS = NO;
				SWIFT_VERSION = 5.0;
				TARGETED_DEVICE_FAMILY = "1,2";
				TEST_TARGET_NAME = "SA-CaseStudy-MVMM";
			};
			name = Release;
		};
/* End XCBuildConfiguration section */

/* Begin XCConfigurationList section */
		F6464E232D3ADB9B007702A2 /* Build configuration list for PBXProject "SA-CaseStudy-MVMM" */ = {
			isa = XCConfigurationList;
			buildConfigurations = (
				F6464E542D3ADB9E007702A2 /* Debug */,
				F6464E552D3ADB9E007702A2 /* Release */,
			);
			defaultConfigurationIsVisible = 0;
			defaultConfigurationName = Release;
		};
		F6464E512D3ADB9E007702A2 /* Build configuration list for PBXNativeTarget "SA-CaseStudy-MVMM" */ = {
			isa = XCConfigurationList;
			buildConfigurations = (
				F6464E522D3ADB9E007702A2 /* Debug */,
				F6464E532D3ADB9E007702A2 /* Release */,
			);
			defaultConfigurationIsVisible = 0;
			defaultConfigurationName = Release;
		};
		F6464E562D3ADB9E007702A2 /* Build configuration list for PBXNativeTarget "SA-CaseStudy-MVMMTests" */ = {
			isa = XCConfigurationList;
			buildConfigurations = (
				F6464E572D3ADB9E007702A2 /* Debug */,
				F6464E582D3ADB9E007702A2 /* Release */,
			);
			defaultConfigurationIsVisible = 0;
			defaultConfigurationName = Release;
		};
		F6464E592D3ADB9E007702A2 /* Build configuration list for PBXNativeTarget "SA-CaseStudy-MVMMUITests" */ = {
			isa = XCConfigurationList;
			buildConfigurations = (
				F6464E5A2D3ADB9E007702A2 /* Debug */,
				F6464E5B2D3ADB9E007702A2 /* Release */,
			);
			defaultConfigurationIsVisible = 0;
			defaultConfigurationName = Release;
		};
/* End XCConfigurationList section */

/* Begin XCRemoteSwiftPackageReference section */
		F6464E712D3AE0D5007702A2 /* XCRemoteSwiftPackageReference "RxSwift" */ = {
			isa = XCRemoteSwiftPackageReference;
			repositoryURL = "https://github.com/ReactiveX/RxSwift.git";
			requirement = {
				kind = upToNextMajorVersion;
				minimumVersion = 6.8.0;
			};
		};
/* End XCRemoteSwiftPackageReference section */

/* Begin XCSwiftPackageProductDependency section */
		F6464E722D3AE0D5007702A2 /* RxSwift */ = {
			isa = XCSwiftPackageProductDependency;
			package = F6464E712D3AE0D5007702A2 /* XCRemoteSwiftPackageReference "RxSwift" */;
			productName = RxSwift;
		};
/* End XCSwiftPackageProductDependency section */
	};
	rootObject = F6464E202D3ADB9B007702A2 /* Project object */;
}
